
Microsoft Visual Studio Solution File, Format Version 12.00
# Visual Studio 15
VisualStudioVersion = 15.0.28010.2003
MinimumVisualStudioVersion = 10.0.40219.1
Project("{FAE04EC0-301F-11D3-BF4B-00C04F79EFBC}") = "mp-api", "mp-api\mp-api.csproj", "{50F1FC2E-9E80-4702-934F-21B03DD86457}"
EndProject
Project("{FAE04EC0-301F-11D3-BF4B-00C04F79EFBC}") = "logger.util", "logger.util\logger.util.csproj", "{446CC4CD-3C75-471F-A1BE-125A61690B85}"
EndProject
Global
	GlobalSection(SolutionConfigurationPlatforms) = preSolution
		Debug|Any CPU = Debug|Any CPU
		Release|Any CPU = Release|Any CPU
	EndGlobalSection
	GlobalSection(ProjectConfigurationPlatforms) = postSolution
		{50F1FC2E-9E80-4702-934F-21B03DD86457}.Debug|Any CPU.ActiveCfg = Debug|Any CPU
		{50F1FC2E-9E80-4702-934F-21B03DD86457}.Debug|Any CPU.Build.0 = Debug|Any CPU
		{50F1FC2E-9E80-4702-934F-21B03DD86457}.Release|Any CPU.ActiveCfg = Release|Any CPU
		{50F1FC2E-9E80-4702-934F-21B03DD86457}.Release|Any CPU.Build.0 = Release|Any CPU
		{446CC4CD-3C75-471F-A1BE-125A61690B85}.Debug|Any CPU.ActiveCfg = Debug|Any CPU
		{446CC4CD-3C75-471F-A1BE-125A61690B85}.Debug|Any CPU.Build.0 = Debug|Any CPU
		{446CC4CD-3C75-471F-A1BE-125A61690B85}.Release|Any CPU.ActiveCfg = Release|Any CPU
		{446CC4CD-3C75-471F-A1BE-125A61690B85}.Release|Any CPU.Build.0 = Release|Any CPU
	EndGlobalSection
	GlobalSection(SolutionProperties) = preSolution
		HideSolutionNode = FALSE
	EndGlobalSection
	GlobalSection(ExtensibilityGlobals) = postSolution
		SolutionGuid = {AA4089BC-66F7-480C-8C9C-B9AE027346CD}
	EndGlobalSection
EndGlobal
